// !$*UTF8*$!
{
	archiveVersion = 1;
	classes = {
	};
	objectVersion = 46;
	objects = {

/* Begin PBXBuildFile section */
		A11F3B141513E81000EE2AAD /* UIKit.framework in Frameworks */ = {isa = PBXBuildFile; fileRef = A11F3B131513E81000EE2AAD /* UIKit.framework */; };
		A11F3B161513E81000EE2AAD /* Foundation.framework in Frameworks */ = {isa = PBXBuildFile; fileRef = A11F3B151513E81000EE2AAD /* Foundation.framework */; };
		A11F3B181513E81000EE2AAD /* CoreGraphics.framework in Frameworks */ = {isa = PBXBuildFile; fileRef = A11F3B171513E81000EE2AAD /* CoreGraphics.framework */; };
		A11F3B1E1513E81000EE2AAD /* InfoPlist.strings in Resources */ = {isa = PBXBuildFile; fileRef = A11F3B1C1513E81000EE2AAD /* InfoPlist.strings */; };
		A11F3B201513E81000EE2AAD /* main.m in Sources */ = {isa = PBXBuildFile; fileRef = A11F3B1F1513E81000EE2AAD /* main.m */; };
		A11F3B241513E81000EE2AAD /* EMAppDelegate.m in Sources */ = {isa = PBXBuildFile; fileRef = A11F3B231513E81000EE2AAD /* EMAppDelegate.m */; };
		A11F3B341513E82C00EE2AAD /* EMHint.m in Sources */ = {isa = PBXBuildFile; fileRef = A11F3B311513E82C00EE2AAD /* EMHint.m */; };
		A11F3B351513E82C00EE2AAD /* EMHintsView.m in Sources */ = {isa = PBXBuildFile; fileRef = A11F3B321513E82C00EE2AAD /* EMHintsView.m */; };
		A11F3B371513E90300EE2AAD /* sample.png in Resources */ = {isa = PBXBuildFile; fileRef = A11F3B361513E90300EE2AAD /* sample.png */; };
		A1FC40A3151F909C00056FF7 /* EMViewController.m in Sources */ = {isa = PBXBuildFile; fileRef = A1FC40A0151F909C00056FF7 /* EMViewController.m */; };
		A1FC40A4151F909C00056FF7 /* HintHelper.m in Sources */ = {isa = PBXBuildFile; fileRef = A1FC40A2151F909C00056FF7 /* HintHelper.m */; };
		A1FC40A6151F90C200056FF7 /* EMViewController.xib in Resources */ = {isa = PBXBuildFile; fileRef = A1FC40A5151F90C200056FF7 /* EMViewController.xib */; };
/* End PBXBuildFile section */

/* Begin PBXFileReference section */
		A11F3B0F1513E81000EE2AAD /* HintMakerExample.app */ = {isa = PBXFileReference; explicitFileType = wrapper.application; includeInIndex = 0; path = HintMakerExample.app; sourceTree = BUILT_PRODUCTS_DIR; };
		A11F3B131513E81000EE2AAD /* UIKit.framework */ = {isa = PBXFileReference; lastKnownFileType = wrapper.framework; name = UIKit.framework; path = System/Library/Frameworks/UIKit.framework; sourceTree = SDKROOT; };
		A11F3B151513E81000EE2AAD /* Foundation.framework */ = {isa = PBXFileReference; lastKnownFileType = wrapper.framework; name = Foundation.framework; path = System/Library/Frameworks/Foundation.framework; sourceTree = SDKROOT; };
		A11F3B171513E81000EE2AAD /* CoreGraphics.framework */ = {isa = PBXFileReference; lastKnownFileType = wrapper.framework; name = CoreGraphics.framework; path = System/Library/Frameworks/CoreGraphics.framework; sourceTree = SDKROOT; };
		A11F3B1B1513E81000EE2AAD /* HintMakerExample-Info.plist */ = {isa = PBXFileReference; lastKnownFileType = text.plist.xml; path = "HintMakerExample-Info.plist"; sourceTree = "<group>"; };
		A11F3B1D1513E81000EE2AAD /* en */ = {isa = PBXFileReference; lastKnownFileType = text.plist.strings; name = en; path = en.lproj/InfoPlist.strings; sourceTree = "<group>"; };
		A11F3B1F1513E81000EE2AAD /* main.m */ = {isa = PBXFileReference; lastKnownFileType = sourcecode.c.objc; path = main.m; sourceTree = "<group>"; };
		A11F3B211513E81000EE2AAD /* HintMakerExample-Prefix.pch */ = {isa = PBXFileReference; lastKnownFileType = sourcecode.c.h; path = "HintMakerExample-Prefix.pch"; sourceTree = "<group>"; };
		A11F3B221513E81000EE2AAD /* EMAppDelegate.h */ = {isa = PBXFileReference; lastKnownFileType = sourcecode.c.h; path = EMAppDelegate.h; sourceTree = "<group>"; };
		A11F3B231513E81000EE2AAD /* EMAppDelegate.m */ = {isa = PBXFileReference; lastKnownFileType = sourcecode.c.objc; path = EMAppDelegate.m; sourceTree = "<group>"; };
		A11F3B301513E82C00EE2AAD /* EMHint.h */ = {isa = PBXFileReference; fileEncoding = 4; lastKnownFileType = sourcecode.c.h; path = EMHint.h; sourceTree = "<group>"; };
		A11F3B311513E82C00EE2AAD /* EMHint.m */ = {isa = PBXFileReference; fileEncoding = 4; lastKnownFileType = sourcecode.c.objc; path = EMHint.m; sourceTree = "<group>"; };
		A11F3B321513E82C00EE2AAD /* EMHintsView.m */ = {isa = PBXFileReference; fileEncoding = 4; lastKnownFileType = sourcecode.c.objc; path = EMHintsView.m; sourceTree = "<group>"; };
		A11F3B331513E82C00EE2AAD /* EMHintsView.h */ = {isa = PBXFileReference; fileEncoding = 4; lastKnownFileType = sourcecode.c.h; path = EMHintsView.h; sourceTree = "<group>"; };
		A11F3B361513E90300EE2AAD /* sample.png */ = {isa = PBXFileReference; lastKnownFileType = image.png; path = sample.png; sourceTree = "<group>"; };
		A1FC409F151F909C00056FF7 /* EMViewController.h */ = {isa = PBXFileReference; fileEncoding = 4; lastKnownFileType = sourcecode.c.h; path = EMViewController.h; sourceTree = "<group>"; };
		A1FC40A0151F909C00056FF7 /* EMViewController.m */ = {isa = PBXFileReference; fileEncoding = 4; lastKnownFileType = sourcecode.c.objc; path = EMViewController.m; sourceTree = "<group>"; };
		A1FC40A1151F909C00056FF7 /* HintHelper.h */ = {isa = PBXFileReference; fileEncoding = 4; lastKnownFileType = sourcecode.c.h; path = HintHelper.h; sourceTree = "<group>"; };
		A1FC40A2151F909C00056FF7 /* HintHelper.m */ = {isa = PBXFileReference; fileEncoding = 4; lastKnownFileType = sourcecode.c.objc; path = HintHelper.m; sourceTree = "<group>"; };
		A1FC40A5151F90C200056FF7 /* EMViewController.xib */ = {isa = PBXFileReference; fileEncoding = 4; lastKnownFileType = file.xib; path = EMViewController.xib; sourceTree = "<group>"; };
/* End PBXFileReference section */

/* Begin PBXFrameworksBuildPhase section */
		A11F3B0C1513E81000EE2AAD /* Frameworks */ = {
			isa = PBXFrameworksBuildPhase;
			buildActionMask = 2147483647;
			files = (
				A11F3B141513E81000EE2AAD /* UIKit.framework in Frameworks */,
				A11F3B161513E81000EE2AAD /* Foundation.framework in Frameworks */,
				A11F3B181513E81000EE2AAD /* CoreGraphics.framework in Frameworks */,
			);
			runOnlyForDeploymentPostprocessing = 0;
		};
/* End PBXFrameworksBuildPhase section */

/* Begin PBXGroup section */
		A11F3B041513E81000EE2AAD = {
			isa = PBXGroup;
			children = (
				A11F3B191513E81000EE2AAD /* HintMakerExample */,
				A11F3B121513E81000EE2AAD /* Frameworks */,
				A11F3B101513E81000EE2AAD /* Products */,
			);
			sourceTree = "<group>";
		};
		A11F3B101513E81000EE2AAD /* Products */ = {
			isa = PBXGroup;
			children = (
				A11F3B0F1513E81000EE2AAD /* HintMakerExample.app */,
			);
			name = Products;
			sourceTree = "<group>";
		};
		A11F3B121513E81000EE2AAD /* Frameworks */ = {
			isa = PBXGroup;
			children = (
				A11F3B131513E81000EE2AAD /* UIKit.framework */,
				A11F3B151513E81000EE2AAD /* Foundation.framework */,
				A11F3B171513E81000EE2AAD /* CoreGraphics.framework */,
			);
			name = Frameworks;
			sourceTree = "<group>";
		};
		A11F3B191513E81000EE2AAD /* HintMakerExample */ = {
			isa = PBXGroup;
			children = (
				A11F3B221513E81000EE2AAD /* EMAppDelegate.h */,
				A1FC409F151F909C00056FF7 /* EMViewController.h */,
				A1FC40A5151F90C200056FF7 /* EMViewController.xib */,
				A1FC40A0151F909C00056FF7 /* EMViewController.m */,
				A1FC40A1151F909C00056FF7 /* HintHelper.h */,
				A1FC40A2151F909C00056FF7 /* HintHelper.m */,
				A11F3B231513E81000EE2AAD /* EMAppDelegate.m */,
				A11F3B3B151406AE00EE2AAD /* EMHint */,
				A11F3B1A1513E81000EE2AAD /* Supporting Files */,
			);
			path = HintMakerExample;
			sourceTree = "<group>";
		};
		A11F3B1A1513E81000EE2AAD /* Supporting Files */ = {
			isa = PBXGroup;
			children = (
				A11F3B361513E90300EE2AAD /* sample.png */,
				A11F3B1B1513E81000EE2AAD /* HintMakerExample-Info.plist */,
				A11F3B1C1513E81000EE2AAD /* InfoPlist.strings */,
				A11F3B1F1513E81000EE2AAD /* main.m */,
				A11F3B211513E81000EE2AAD /* HintMakerExample-Prefix.pch */,
			);
			name = "Supporting Files";
			sourceTree = "<group>";
		};
		A11F3B3B151406AE00EE2AAD /* EMHint */ = {
			isa = PBXGroup;
			children = (
				A11F3B301513E82C00EE2AAD /* EMHint.h */,
				A11F3B311513E82C00EE2AAD /* EMHint.m */,
				A11F3B321513E82C00EE2AAD /* EMHintsView.m */,
				A11F3B331513E82C00EE2AAD /* EMHintsView.h */,
			);
			name = EMHint;
			sourceTree = "<group>";
		};
/* End PBXGroup section */

/* Begin PBXNativeTarget section */
		A11F3B0E1513E81000EE2AAD /* HintMakerExample */ = {
			isa = PBXNativeTarget;
			buildConfigurationList = A11F3B2D1513E81000EE2AAD /* Build configuration list for PBXNativeTarget "HintMakerExample" */;
			buildPhases = (
				A11F3B0B1513E81000EE2AAD /* Sources */,
				A11F3B0C1513E81000EE2AAD /* Frameworks */,
				A11F3B0D1513E81000EE2AAD /* Resources */,
			);
			buildRules = (
			);
			dependencies = (
			);
			name = HintMakerExample;
			productName = HintMakerExample;
			productReference = A11F3B0F1513E81000EE2AAD /* HintMakerExample.app */;
			productType = "com.apple.product-type.application";
		};
/* End PBXNativeTarget section */

/* Begin PBXProject section */
		A11F3B061513E81000EE2AAD /* Project object */ = {
			isa = PBXProject;
			attributes = {
				LastUpgradeCheck = 0420;
			};
			buildConfigurationList = A11F3B091513E81000EE2AAD /* Build configuration list for PBXProject "HintMakerExample" */;
			compatibilityVersion = "Xcode 3.2";
			developmentRegion = English;
			hasScannedForEncodings = 0;
			knownRegions = (
				en,
			);
			mainGroup = A11F3B041513E81000EE2AAD;
			productRefGroup = A11F3B101513E81000EE2AAD /* Products */;
			projectDirPath = "";
			projectRoot = "";
			targets = (
				A11F3B0E1513E81000EE2AAD /* HintMakerExample */,
			);
		};
/* End PBXProject section */

/* Begin PBXResourcesBuildPhase section */
		A11F3B0D1513E81000EE2AAD /* Resources */ = {
			isa = PBXResourcesBuildPhase;
			buildActionMask = 2147483647;
			files = (
				A11F3B1E1513E81000EE2AAD /* InfoPlist.strings in Resources */,
				A11F3B371513E90300EE2AAD /* sample.png in Resources */,
				A1FC40A6151F90C200056FF7 /* EMViewController.xib in Resources */,
			);
			runOnlyForDeploymentPostprocessing = 0;
		};
/* End PBXResourcesBuildPhase section */

/* Begin PBXSourcesBuildPhase section */
		A11F3B0B1513E81000EE2AAD /* Sources */ = {
			isa = PBXSourcesBuildPhase;
			buildActionMask = 2147483647;
			files = (
				A11F3B201513E81000EE2AAD /* main.m in Sources */,
				A11F3B241513E81000EE2AAD /* EMAppDelegate.m in Sources */,
				A11F3B341513E82C00EE2AAD /* EMHint.m in Sources */,
				A11F3B351513E82C00EE2AAD /* EMHintsView.m in Sources */,
				A1FC40A3151F909C00056FF7 /* EMViewController.m in Sources */,
				A1FC40A4151F909C00056FF7 /* HintHelper.m in Sources */,
			);
			runOnlyForDeploymentPostprocessing = 0;
		};
/* End PBXSourcesBuildPhase section */

/* Begin PBXVariantGroup section */
		A11F3B1C1513E81000EE2AAD /* InfoPlist.strings */ = {
			isa = PBXVariantGroup;
			children = (
				A11F3B1D1513E81000EE2AAD /* en */,
			);
			name = InfoPlist.strings;
			sourceTree = "<group>";
		};
/* End PBXVariantGroup section */

/* Begin XCBuildConfiguration section */
		A11F3B2B1513E81000EE2AAD /* Debug */ = {
			isa = XCBuildConfiguration;
			buildSettings = {
				ALWAYS_SEARCH_USER_PATHS = NO;
				ARCHS = "$(ARCHS_STANDARD_32_BIT)";
				"CODE_SIGN_IDENTITY[sdk=iphoneos*]" = "iPhone Developer";
				COPY_PHASE_STRIP = NO;
				GCC_C_LANGUAGE_STANDARD = gnu99;
				GCC_DYNAMIC_NO_PIC = NO;
				GCC_OPTIMIZATION_LEVEL = 0;
				GCC_PREPROCESSOR_DEFINITIONS = (
					"DEBUG=1",
					"$(inherited)",
				);
				GCC_SYMBOLS_PRIVATE_EXTERN = NO;
				GCC_VERSION = com.apple.compilers.llvm.clang.1_0;
				GCC_WARN_ABOUT_MISSING_PROTOTYPES = YES;
				GCC_WARN_ABOUT_RETURN_TYPE = YES;
				GCC_WARN_UNUSED_VARIABLE = YES;
				IPHONEOS_DEPLOYMENT_TARGET = 5.0;
				SDKROOT = iphoneos;
			};
			name = Debug;
		};
		A11F3B2C1513E81000EE2AAD /* Release */ = {
			isa = XCBuildConfiguration;
			buildSettings = {
				ALWAYS_SEARCH_USER_PATHS = NO;
				ARCHS = "$(ARCHS_STANDARD_32_BIT)";
				"CODE_SIGN_IDENTITY[sdk=iphoneos*]" = "iPhone Developer";
				COPY_PHASE_STRIP = YES;
				GCC_C_LANGUAGE_STANDARD = gnu99;
				GCC_VERSION = com.apple.compilers.llvm.clang.1_0;
				GCC_WARN_ABOUT_MISSING_PROTOTYPES = YES;
				GCC_WARN_ABOUT_RETURN_TYPE = YES;
				GCC_WARN_UNUSED_VARIABLE = YES;
				IPHONEOS_DEPLOYMENT_TARGET = 5.0;
				OTHER_CFLAGS = "-DNS_BLOCK_ASSERTIONS=1";
				SDKROOT = iphoneos;
				VALIDATE_PRODUCT = YES;
			};
			name = Release;
		};
		A11F3B2E1513E81000EE2AAD /* Debug */ = {
			isa = XCBuildConfiguration;
			buildSettings = {
				GCC_PRECOMPILE_PREFIX_HEADER = YES;
				GCC_PREFIX_HEADER = "HintMakerExample/HintMakerExample-Prefix.pch";
				INFOPLIST_FILE = "HintMakerExample/HintMakerExample-Info.plist";
				PRODUCT_NAME = "$(TARGET_NAME)";
				WRAPPER_EXTENSION = app;
			};
			name = Debug;
		};
		A11F3B2F1513E81000EE2AAD /* Release */ = {
			isa = XCBuildConfiguration;
			buildSettings = {
				GCC_PRECOMPILE_PREFIX_HEADER = YES;
				GCC_PREFIX_HEADER = "HintMakerExample/HintMakerExample-Prefix.pch";
				INFOPLIST_FILE = "HintMakerExample/HintMakerExample-Info.plist";
				PRODUCT_NAME = "$(TARGET_NAME)";
				WRAPPER_EXTENSION = app;
			};
			name = Release;
		};
/* End XCBuildConfiguration section */

/* Begin XCConfigurationList section */
		A11F3B091513E81000EE2AAD /* Build configuration list for PBXProject "HintMakerExample" */ = {
			isa = XCConfigurationList;
			buildConfigurations = (
				A11F3B2B1513E81000EE2AAD /* Debug */,
				A11F3B2C1513E81000EE2AAD /* Release */,
			);
			defaultConfigurationIsVisible = 0;
			defaultConfigurationName = Release;
		};
		A11F3B2D1513E81000EE2AAD /* Build configuration list for PBXNativeTarget "HintMakerExample" */ = {
			isa = XCConfigurationList;
			buildConfigurations = (
				A11F3B2E1513E81000EE2AAD /* Debug */,
				A11F3B2F1513E81000EE2AAD /* Release */,
			);
			defaultConfigurationIsVisible = 0;
			defaultConfigurationName = Release;
		};
/* End XCConfigurationList section */
	};
	rootObject = A11F3B061513E81000EE2AAD /* Project object */;
}
